// !$*UTF8*$!
{
	archiveVersion = 1;
	classes = {
	};
	objectVersion = 46;
	objects = {

/* Begin PBXBuildFile section */
		FD4B39D81C7EE7800001CB65 /* main.m in Sources */ = {isa = PBXBuildFile; fileRef = FD4B39D71C7EE7800001CB65 /* main.m */; };
		FD4B39DB1C7EE7800001CB65 /* AppDelegate.m in Sources */ = {isa = PBXBuildFile; fileRef = FD4B39DA1C7EE7800001CB65 /* AppDelegate.m */; };
		FD4B39DE1C7EE7800001CB65 /* ViewController.m in Sources */ = {isa = PBXBuildFile; fileRef = FD4B39DD1C7EE7800001CB65 /* ViewController.m */; };
		FD4B39E11C7EE7800001CB65 /* Main.storyboard in Resources */ = {isa = PBXBuildFile; fileRef = FD4B39DF1C7EE7800001CB65 /* Main.storyboard */; };
		FD4B39E31C7EE7800001CB65 /* Assets.xcassets in Resources */ = {isa = PBXBuildFile; fileRef = FD4B39E21C7EE7800001CB65 /* Assets.xcassets */; };
		FD4B39E61C7EE7800001CB65 /* LaunchScreen.storyboard in Resources */ = {isa = PBXBuildFile; fileRef = FD4B39E41C7EE7800001CB65 /* LaunchScreen.storyboard */; };
		FD4B39F11C7EE7800001CB65 /* XXMessageTests.m in Sources */ = {isa = PBXBuildFile; fileRef = FD4B39F01C7EE7800001CB65 /* XXMessageTests.m */; };
		FD4B39FC1C7EE7800001CB65 /* XXMessageUITests.m in Sources */ = {isa = PBXBuildFile; fileRef = FD4B39FB1C7EE7800001CB65 /* XXMessageUITests.m */; };
		FD4B3A0C1C7EE80B0001CB65 /* UIView+xx_Message.m in Sources */ = {isa = PBXBuildFile; fileRef = FD4B3A0B1C7EE80B0001CB65 /* UIView+xx_Message.m */; };
		FD4B3A0F1C7EEF890001CB65 /* XXMessageView.m in Sources */ = {isa = PBXBuildFile; fileRef = FD4B3A0E1C7EEF890001CB65 /* XXMessageView.m */; };
		FDB40EB71C8442BC0011139D /* MASCompositeConstraint.m in Sources */ = {isa = PBXBuildFile; fileRef = FDB40E9F1C8442BC0011139D /* MASCompositeConstraint.m */; };
		FDB40EB81C8442BC0011139D /* MASConstraint.m in Sources */ = {isa = PBXBuildFile; fileRef = FDB40EA21C8442BC0011139D /* MASConstraint.m */; };
		FDB40EB91C8442BC0011139D /* MASConstraintMaker.m in Sources */ = {isa = PBXBuildFile; fileRef = FDB40EA41C8442BC0011139D /* MASConstraintMaker.m */; };
		FDB40EBA1C8442BC0011139D /* MASLayoutConstraint.m in Sources */ = {isa = PBXBuildFile; fileRef = FDB40EA61C8442BC0011139D /* MASLayoutConstraint.m */; };
		FDB40EBB1C8442BC0011139D /* MASViewAttribute.m in Sources */ = {isa = PBXBuildFile; fileRef = FDB40EAA1C8442BC0011139D /* MASViewAttribute.m */; };
		FDB40EBC1C8442BC0011139D /* MASViewConstraint.m in Sources */ = {isa = PBXBuildFile; fileRef = FDB40EAC1C8442BC0011139D /* MASViewConstraint.m */; };
		FDB40EBD1C8442BC0011139D /* NSArray+MASAdditions.m in Sources */ = {isa = PBXBuildFile; fileRef = FDB40EAE1C8442BC0011139D /* NSArray+MASAdditions.m */; };
		FDB40EBE1C8442BC0011139D /* NSLayoutConstraint+MASDebugAdditions.m in Sources */ = {isa = PBXBuildFile; fileRef = FDB40EB11C8442BC0011139D /* NSLayoutConstraint+MASDebugAdditions.m */; };
		FDB40EBF1C8442BC0011139D /* View+MASAdditions.m in Sources */ = {isa = PBXBuildFile; fileRef = FDB40EB31C8442BC0011139D /* View+MASAdditions.m */; };
		FDB40EC01C8442BC0011139D /* ViewController+MASAdditions.m in Sources */ = {isa = PBXBuildFile; fileRef = FDB40EB61C8442BC0011139D /* ViewController+MASAdditions.m */; };
/* End PBXBuildFile section */

/* Begin PBXContainerItemProxy section */
		FD4B39ED1C7EE7800001CB65 /* PBXContainerItemProxy */ = {
			isa = PBXContainerItemProxy;
			containerPortal = FD4B39CB1C7EE7800001CB65 /* Project object */;
			proxyType = 1;
			remoteGlobalIDString = FD4B39D21C7EE7800001CB65;
			remoteInfo = XXMessage;
		};
		FD4B39F81C7EE7800001CB65 /* PBXContainerItemProxy */ = {
			isa = PBXContainerItemProxy;
			containerPortal = FD4B39CB1C7EE7800001CB65 /* Project object */;
			proxyType = 1;
			remoteGlobalIDString = FD4B39D21C7EE7800001CB65;
			remoteInfo = XXMessage;
		};
/* End PBXContainerItemProxy section */

/* Begin PBXFileReference section */
		FD4B39D31C7EE7800001CB65 /* XXMessage.app */ = {isa = PBXFileReference; explicitFileType = wrapper.application; includeInIndex = 0; path = XXMessage.app; sourceTree = BUILT_PRODUCTS_DIR; };
		FD4B39D71C7EE7800001CB65 /* main.m */ = {isa = PBXFileReference; lastKnownFileType = sourcecode.c.objc; path = main.m; sourceTree = "<group>"; };
		FD4B39D91C7EE7800001CB65 /* AppDelegate.h */ = {isa = PBXFileReference; lastKnownFileType = sourcecode.c.h; path = AppDelegate.h; sourceTree = "<group>"; };
		FD4B39DA1C7EE7800001CB65 /* AppDelegate.m */ = {isa = PBXFileReference; lastKnownFileType = sourcecode.c.objc; path = AppDelegate.m; sourceTree = "<group>"; };
		FD4B39DC1C7EE7800001CB65 /* ViewController.h */ = {isa = PBXFileReference; lastKnownFileType = sourcecode.c.h; path = ViewController.h; sourceTree = "<group>"; };
		FD4B39DD1C7EE7800001CB65 /* ViewController.m */ = {isa = PBXFileReference; lastKnownFileType = sourcecode.c.objc; path = ViewController.m; sourceTree = "<group>"; };
		FD4B39E01C7EE7800001CB65 /* Base */ = {isa = PBXFileReference; lastKnownFileType = file.storyboard; name = Base; path = Base.lproj/Main.storyboard; sourceTree = "<group>"; };
		FD4B39E21C7EE7800001CB65 /* Assets.xcassets */ = {isa = PBXFileReference; lastKnownFileType = folder.assetcatalog; path = Assets.xcassets; sourceTree = "<group>"; };
		FD4B39E51C7EE7800001CB65 /* Base */ = {isa = PBXFileReference; lastKnownFileType = file.storyboard; name = Base; path = Base.lproj/LaunchScreen.storyboard; sourceTree = "<group>"; };
		FD4B39E71C7EE7800001CB65 /* Info.plist */ = {isa = PBXFileReference; lastKnownFileType = text.plist.xml; path = Info.plist; sourceTree = "<group>"; };
		FD4B39EC1C7EE7800001CB65 /* XXMessageTests.xctest */ = {isa = PBXFileReference; explicitFileType = wrapper.cfbundle; includeInIndex = 0; path = XXMessageTests.xctest; sourceTree = BUILT_PRODUCTS_DIR; };
		FD4B39F01C7EE7800001CB65 /* XXMessageTests.m */ = {isa = PBXFileReference; lastKnownFileType = sourcecode.c.objc; path = XXMessageTests.m; sourceTree = "<group>"; };
		FD4B39F21C7EE7800001CB65 /* Info.plist */ = {isa = PBXFileReference; lastKnownFileType = text.plist.xml; path = Info.plist; sourceTree = "<group>"; };
		FD4B39F71C7EE7800001CB65 /* XXMessageUITests.xctest */ = {isa = PBXFileReference; explicitFileType = wrapper.cfbundle; includeInIndex = 0; path = XXMessageUITests.xctest; sourceTree = BUILT_PRODUCTS_DIR; };
		FD4B39FB1C7EE7800001CB65 /* XXMessageUITests.m */ = {isa = PBXFileReference; lastKnownFileType = sourcecode.c.objc; path = XXMessageUITests.m; sourceTree = "<group>"; };
		FD4B39FD1C7EE7800001CB65 /* Info.plist */ = {isa = PBXFileReference; lastKnownFileType = text.plist.xml; path = Info.plist; sourceTree = "<group>"; };
		FD4B3A0A1C7EE80B0001CB65 /* UIView+xx_Message.h */ = {isa = PBXFileReference; fileEncoding = 4; lastKnownFileType = sourcecode.c.h; path = "UIView+xx_Message.h"; sourceTree = "<group>"; };
		FD4B3A0B1C7EE80B0001CB65 /* UIView+xx_Message.m */ = {isa = PBXFileReference; fileEncoding = 4; lastKnownFileType = sourcecode.c.objc; path = "UIView+xx_Message.m"; sourceTree = "<group>"; };
		FD4B3A0D1C7EEF890001CB65 /* XXMessageView.h */ = {isa = PBXFileReference; fileEncoding = 4; lastKnownFileType = sourcecode.c.h; path = XXMessageView.h; sourceTree = "<group>"; };
		FD4B3A0E1C7EEF890001CB65 /* XXMessageView.m */ = {isa = PBXFileReference; fileEncoding = 4; lastKnownFileType = sourcecode.c.objc; path = XXMessageView.m; sourceTree = "<group>"; };
		FDB40E9E1C8442BC0011139D /* MASCompositeConstraint.h */ = {isa = PBXFileReference; fileEncoding = 4; lastKnownFileType = sourcecode.c.h; path = MASCompositeConstraint.h; sourceTree = "<group>"; };
		FDB40E9F1C8442BC0011139D /* MASCompositeConstraint.m */ = {isa = PBXFileReference; fileEncoding = 4; lastKnownFileType = sourcecode.c.objc; path = MASCompositeConstraint.m; sourceTree = "<group>"; };
		FDB40EA01C8442BC0011139D /* MASConstraint+Private.h */ = {isa = PBXFileReference; fileEncoding = 4; lastKnownFileType = sourcecode.c.h; path = "MASConstraint+Private.h"; sourceTree = "<group>"; };
		FDB40EA11C8442BC0011139D /* MASConstraint.h */ = {isa = PBXFileReference; fileEncoding = 4; lastKnownFileType = sourcecode.c.h; path = MASConstraint.h; sourceTree = "<group>"; };
		FDB40EA21C8442BC0011139D /* MASConstraint.m */ = {isa = PBXFileReference; fileEncoding = 4; lastKnownFileType = sourcecode.c.objc; path = MASConstraint.m; sourceTree = "<group>"; };
		FDB40EA31C8442BC0011139D /* MASConstraintMaker.h */ = {isa = PBXFileReference; fileEncoding = 4; lastKnownFileType = sourcecode.c.h; path = MASConstraintMaker.h; sourceTree = "<group>"; };
		FDB40EA41C8442BC0011139D /* MASConstraintMaker.m */ = {isa = PBXFileReference; fileEncoding = 4; lastKnownFileType = sourcecode.c.objc; path = MASConstraintMaker.m; sourceTree = "<group>"; };
		FDB40EA51C8442BC0011139D /* MASLayoutConstraint.h */ = {isa = PBXFileReference; fileEncoding = 4; lastKnownFileType = sourcecode.c.h; path = MASLayoutConstraint.h; sourceTree = "<group>"; };
		FDB40EA61C8442BC0011139D /* MASLayoutConstraint.m */ = {isa = PBXFileReference; fileEncoding = 4; lastKnownFileType = sourcecode.c.objc; path = MASLayoutConstraint.m; sourceTree = "<group>"; };
		FDB40EA71C8442BC0011139D /* Masonry.h */ = {isa = PBXFileReference; fileEncoding = 4; lastKnownFileType = sourcecode.c.h; path = Masonry.h; sourceTree = "<group>"; };
		FDB40EA81C8442BC0011139D /* MASUtilities.h */ = {isa = PBXFileReference; fileEncoding = 4; lastKnownFileType = sourcecode.c.h; path = MASUtilities.h; sourceTree = "<group>"; };
		FDB40EA91C8442BC0011139D /* MASViewAttribute.h */ = {isa = PBXFileReference; fileEncoding = 4; lastKnownFileType = sourcecode.c.h; path = MASViewAttribute.h; sourceTree = "<group>"; };
		FDB40EAA1C8442BC0011139D /* MASViewAttribute.m */ = {isa = PBXFileReference; fileEncoding = 4; lastKnownFileType = sourcecode.c.objc; path = MASViewAttribute.m; sourceTree = "<group>"; };
		FDB40EAB1C8442BC0011139D /* MASViewConstraint.h */ = {isa = PBXFileReference; fileEncoding = 4; lastKnownFileType = sourcecode.c.h; path = MASViewConstraint.h; sourceTree = "<group>"; };
		FDB40EAC1C8442BC0011139D /* MASViewConstraint.m */ = {isa = PBXFileReference; fileEncoding = 4; lastKnownFileType = sourcecode.c.objc; path = MASViewConstraint.m; sourceTree = "<group>"; };
		FDB40EAD1C8442BC0011139D /* NSArray+MASAdditions.h */ = {isa = PBXFileReference; fileEncoding = 4; lastKnownFileType = sourcecode.c.h; path = "NSArray+MASAdditions.h"; sourceTree = "<group>"; };
		FDB40EAE1C8442BC0011139D /* NSArray+MASAdditions.m */ = {isa = PBXFileReference; fileEncoding = 4; lastKnownFileType = sourcecode.c.objc; path = "NSArray+MASAdditions.m"; sourceTree = "<group>"; };
		FDB40EAF1C8442BC0011139D /* NSArray+MASShorthandAdditions.h */ = {isa = PBXFileReference; fileEncoding = 4; lastKnownFileType = sourcecode.c.h; path = "NSArray+MASShorthandAdditions.h"; sourceTree = "<group>"; };
		FDB40EB01C8442BC0011139D /* NSLayoutConstraint+MASDebugAdditions.h */ = {isa = PBXFileReference; fileEncoding = 4; lastKnownFileType = sourcecode.c.h; path = "NSLayoutConstraint+MASDebugAdditions.h"; sourceTree = "<group>"; };
		FDB40EB11C8442BC0011139D /* NSLayoutConstraint+MASDebugAdditions.m */ = {isa = PBXFileReference; fileEncoding = 4; lastKnownFileType = sourcecode.c.objc; path = "NSLayoutConstraint+MASDebugAdditions.m"; sourceTree = "<group>"; };
		FDB40EB21C8442BC0011139D /* View+MASAdditions.h */ = {isa = PBXFileReference; fileEncoding = 4; lastKnownFileType = sourcecode.c.h; path = "View+MASAdditions.h"; sourceTree = "<group>"; };
		FDB40EB31C8442BC0011139D /* View+MASAdditions.m */ = {isa = PBXFileReference; fileEncoding = 4; lastKnownFileType = sourcecode.c.objc; path = "View+MASAdditions.m"; sourceTree = "<group>"; };
		FDB40EB41C8442BC0011139D /* View+MASShorthandAdditions.h */ = {isa = PBXFileReference; fileEncoding = 4; lastKnownFileType = sourcecode.c.h; path = "View+MASShorthandAdditions.h"; sourceTree = "<group>"; };
		FDB40EB51C8442BC0011139D /* ViewController+MASAdditions.h */ = {isa = PBXFileReference; fileEncoding = 4; lastKnownFileType = sourcecode.c.h; path = "ViewController+MASAdditions.h"; sourceTree = "<group>"; };
		FDB40EB61C8442BC0011139D /* ViewController+MASAdditions.m */ = {isa = PBXFileReference; fileEncoding = 4; lastKnownFileType = sourcecode.c.objc; path = "ViewController+MASAdditions.m"; sourceTree = "<group>"; };
/* End PBXFileReference section */

/* Begin PBXFrameworksBuildPhase section */
		FD4B39D01C7EE7800001CB65 /* Frameworks */ = {
			isa = PBXFrameworksBuildPhase;
			buildActionMask = 2147483647;
			files = (
			);
			runOnlyForDeploymentPostprocessing = 0;
		};
		FD4B39E91C7EE7800001CB65 /* Frameworks */ = {
			isa = PBXFrameworksBuildPhase;
			buildActionMask = 2147483647;
			files = (
			);
			runOnlyForDeploymentPostprocessing = 0;
		};
		FD4B39F41C7EE7800001CB65 /* Frameworks */ = {
			isa = PBXFrameworksBuildPhase;
			buildActionMask = 2147483647;
			files = (
			);
			runOnlyForDeploymentPostprocessing = 0;
		};
/* End PBXFrameworksBuildPhase section */

/* Begin PBXGroup section */
		FD4B39CA1C7EE7800001CB65 = {
			isa = PBXGroup;
			children = (
				FD4B39D51C7EE7800001CB65 /* XXMessage */,
				FD4B39EF1C7EE7800001CB65 /* XXMessageTests */,
				FD4B39FA1C7EE7800001CB65 /* XXMessageUITests */,
				FD4B39D41C7EE7800001CB65 /* Products */,
			);
			sourceTree = "<group>";
		};
		FD4B39D41C7EE7800001CB65 /* Products */ = {
			isa = PBXGroup;
			children = (
				FD4B39D31C7EE7800001CB65 /* XXMessage.app */,
				FD4B39EC1C7EE7800001CB65 /* XXMessageTests.xctest */,
				FD4B39F71C7EE7800001CB65 /* XXMessageUITests.xctest */,
			);
			name = Products;
			sourceTree = "<group>";
		};
		FD4B39D51C7EE7800001CB65 /* XXMessage */ = {
			isa = PBXGroup;
			children = (
				FDB40E9D1C8442BC0011139D /* Masonry */,
				FD4B3A091C7EE7970001CB65 /* XXMessage */,
				FD4B39D91C7EE7800001CB65 /* AppDelegate.h */,
				FD4B39DA1C7EE7800001CB65 /* AppDelegate.m */,
				FD4B39DC1C7EE7800001CB65 /* ViewController.h */,
				FD4B39DD1C7EE7800001CB65 /* ViewController.m */,
				FD4B39DF1C7EE7800001CB65 /* Main.storyboard */,
				FD4B39E21C7EE7800001CB65 /* Assets.xcassets */,
				FD4B39E41C7EE7800001CB65 /* LaunchScreen.storyboard */,
				FD4B39E71C7EE7800001CB65 /* Info.plist */,
				FD4B39D61C7EE7800001CB65 /* Supporting Files */,
			);
			path = XXMessage;
			sourceTree = "<group>";
		};
		FD4B39D61C7EE7800001CB65 /* Supporting Files */ = {
			isa = PBXGroup;
			children = (
				FD4B39D71C7EE7800001CB65 /* main.m */,
			);
			name = "Supporting Files";
			sourceTree = "<group>";
		};
		FD4B39EF1C7EE7800001CB65 /* XXMessageTests */ = {
			isa = PBXGroup;
			children = (
				FD4B39F01C7EE7800001CB65 /* XXMessageTests.m */,
				FD4B39F21C7EE7800001CB65 /* Info.plist */,
			);
			path = XXMessageTests;
			sourceTree = "<group>";
		};
		FD4B39FA1C7EE7800001CB65 /* XXMessageUITests */ = {
			isa = PBXGroup;
			children = (
				FD4B39FB1C7EE7800001CB65 /* XXMessageUITests.m */,
				FD4B39FD1C7EE7800001CB65 /* Info.plist */,
			);
			path = XXMessageUITests;
			sourceTree = "<group>";
		};
		FD4B3A091C7EE7970001CB65 /* XXMessage */ = {
			isa = PBXGroup;
			children = (
				FD4B3A0A1C7EE80B0001CB65 /* UIView+xx_Message.h */,
				FD4B3A0B1C7EE80B0001CB65 /* UIView+xx_Message.m */,
				FD4B3A0D1C7EEF890001CB65 /* XXMessageView.h */,
				FD4B3A0E1C7EEF890001CB65 /* XXMessageView.m */,
			);
			path = XXMessage;
			sourceTree = "<group>";
		};
		FDB40E9D1C8442BC0011139D /* Masonry */ = {
			isa = PBXGroup;
			children = (
				FDB40E9E1C8442BC0011139D /* MASCompositeConstraint.h */,
				FDB40E9F1C8442BC0011139D /* MASCompositeConstraint.m */,
				FDB40EA01C8442BC0011139D /* MASConstraint+Private.h */,
				FDB40EA11C8442BC0011139D /* MASConstraint.h */,
				FDB40EA21C8442BC0011139D /* MASConstraint.m */,
				FDB40EA31C8442BC0011139D /* MASConstraintMaker.h */,
				FDB40EA41C8442BC0011139D /* MASConstraintMaker.m */,
				FDB40EA51C8442BC0011139D /* MASLayoutConstraint.h */,
				FDB40EA61C8442BC0011139D /* MASLayoutConstraint.m */,
				FDB40EA71C8442BC0011139D /* Masonry.h */,
				FDB40EA81C8442BC0011139D /* MASUtilities.h */,
				FDB40EA91C8442BC0011139D /* MASViewAttribute.h */,
				FDB40EAA1C8442BC0011139D /* MASViewAttribute.m */,
				FDB40EAB1C8442BC0011139D /* MASViewConstraint.h */,
				FDB40EAC1C8442BC0011139D /* MASViewConstraint.m */,
				FDB40EAD1C8442BC0011139D /* NSArray+MASAdditions.h */,
				FDB40EAE1C8442BC0011139D /* NSArray+MASAdditions.m */,
				FDB40EAF1C8442BC0011139D /* NSArray+MASShorthandAdditions.h */,
				FDB40EB01C8442BC0011139D /* NSLayoutConstraint+MASDebugAdditions.h */,
				FDB40EB11C8442BC0011139D /* NSLayoutConstraint+MASDebugAdditions.m */,
				FDB40EB21C8442BC0011139D /* View+MASAdditions.h */,
				FDB40EB31C8442BC0011139D /* View+MASAdditions.m */,
				FDB40EB41C8442BC0011139D /* View+MASShorthandAdditions.h */,
				FDB40EB51C8442BC0011139D /* ViewController+MASAdditions.h */,
				FDB40EB61C8442BC0011139D /* ViewController+MASAdditions.m */,
			);
			path = Masonry;
			sourceTree = "<group>";
		};
/* End PBXGroup section */

/* Begin PBXNativeTarget section */
		FD4B39D21C7EE7800001CB65 /* XXMessage */ = {
			isa = PBXNativeTarget;
			buildConfigurationList = FD4B3A001C7EE7800001CB65 /* Build configuration list for PBXNativeTarget "XXMessage" */;
			buildPhases = (
				FD4B39CF1C7EE7800001CB65 /* Sources */,
				FD4B39D01C7EE7800001CB65 /* Frameworks */,
				FD4B39D11C7EE7800001CB65 /* Resources */,
			);
			buildRules = (
			);
			dependencies = (
			);
			name = XXMessage;
			productName = XXMessage;
			productReference = FD4B39D31C7EE7800001CB65 /* XXMessage.app */;
			productType = "com.apple.product-type.application";
		};
		FD4B39EB1C7EE7800001CB65 /* XXMessageTests */ = {
			isa = PBXNativeTarget;
			buildConfigurationList = FD4B3A031C7EE7800001CB65 /* Build configuration list for PBXNativeTarget "XXMessageTests" */;
			buildPhases = (
				FD4B39E81C7EE7800001CB65 /* Sources */,
				FD4B39E91C7EE7800001CB65 /* Frameworks */,
				FD4B39EA1C7EE7800001CB65 /* Resources */,
			);
			buildRules = (
			);
			dependencies = (
				FD4B39EE1C7EE7800001CB65 /* PBXTargetDependency */,
			);
			name = XXMessageTests;
			productName = XXMessageTests;
			productReference = FD4B39EC1C7EE7800001CB65 /* XXMessageTests.xctest */;
			productType = "com.apple.product-type.bundle.unit-test";
		};
		FD4B39F61C7EE7800001CB65 /* XXMessageUITests */ = {
			isa = PBXNativeTarget;
			buildConfigurationList = FD4B3A061C7EE7800001CB65 /* Build configuration list for PBXNativeTarget "XXMessageUITests" */;
			buildPhases = (
				FD4B39F31C7EE7800001CB65 /* Sources */,
				FD4B39F41C7EE7800001CB65 /* Frameworks */,
				FD4B39F51C7EE7800001CB65 /* Resources */,
			);
			buildRules = (
			);
			dependencies = (
				FD4B39F91C7EE7800001CB65 /* PBXTargetDependency */,
			);
			name = XXMessageUITests;
			productName = XXMessageUITests;
			productReference = FD4B39F71C7EE7800001CB65 /* XXMessageUITests.xctest */;
			productType = "com.apple.product-type.bundle.ui-testing";
		};
/* End PBXNativeTarget section */

/* Begin PBXProject section */
		FD4B39CB1C7EE7800001CB65 /* Project object */ = {
			isa = PBXProject;
			attributes = {
				LastUpgradeCheck = 0720;
				ORGANIZATIONNAME = LXF;
				TargetAttributes = {
					FD4B39D21C7EE7800001CB65 = {
						CreatedOnToolsVersion = 7.2.1;
					};
					FD4B39EB1C7EE7800001CB65 = {
						CreatedOnToolsVersion = 7.2.1;
						TestTargetID = FD4B39D21C7EE7800001CB65;
					};
					FD4B39F61C7EE7800001CB65 = {
						CreatedOnToolsVersion = 7.2.1;
						TestTargetID = FD4B39D21C7EE7800001CB65;
					};
				};
			};
			buildConfigurationList = FD4B39CE1C7EE7800001CB65 /* Build configuration list for PBXProject "XXMessage" */;
			compatibilityVersion = "Xcode 3.2";
			developmentRegion = English;
			hasScannedForEncodings = 0;
			knownRegions = (
				en,
				Base,
			);
			mainGroup = FD4B39CA1C7EE7800001CB65;
			productRefGroup = FD4B39D41C7EE7800001CB65 /* Products */;
			projectDirPath = "";
			projectRoot = "";
			targets = (
				FD4B39D21C7EE7800001CB65 /* XXMessage */,
				FD4B39EB1C7EE7800001CB65 /* XXMessageTests */,
				FD4B39F61C7EE7800001CB65 /* XXMessageUITests */,
			);
		};
/* End PBXProject section */

/* Begin PBXResourcesBuildPhase section */
		FD4B39D11C7EE7800001CB65 /* Resources */ = {
			isa = PBXResourcesBuildPhase;
			buildActionMask = 2147483647;
			files = (
				FD4B39E61C7EE7800001CB65 /* LaunchScreen.storyboard in Resources */,
				FD4B39E31C7EE7800001CB65 /* Assets.xcassets in Resources */,
				FD4B39E11C7EE7800001CB65 /* Main.storyboard in Resources */,
			);
			runOnlyForDeploymentPostprocessing = 0;
		};
		FD4B39EA1C7EE7800001CB65 /* Resources */ = {
			isa = PBXResourcesBuildPhase;
			buildActionMask = 2147483647;
			files = (
			);
			runOnlyForDeploymentPostprocessing = 0;
		};
		FD4B39F51C7EE7800001CB65 /* Resources */ = {
			isa = PBXResourcesBuildPhase;
			buildActionMask = 2147483647;
			files = (
			);
			runOnlyForDeploymentPostprocessing = 0;
		};
/* End PBXResourcesBuildPhase section */

/* Begin PBXSourcesBuildPhase section */
		FD4B39CF1C7EE7800001CB65 /* Sources */ = {
			isa = PBXSourcesBuildPhase;
			buildActionMask = 2147483647;
			files = (
				FDB40EBE1C8442BC0011139D /* NSLayoutConstraint+MASDebugAdditions.m in Sources */,
				FD4B39DE1C7EE7800001CB65 /* ViewController.m in Sources */,
				FDB40EBC1C8442BC0011139D /* MASViewConstraint.m in Sources */,
				FD4B39DB1C7EE7800001CB65 /* AppDelegate.m in Sources */,
				FD4B3A0F1C7EEF890001CB65 /* XXMessageView.m in Sources */,
				FD4B3A0C1C7EE80B0001CB65 /* UIView+xx_Message.m in Sources */,
				FDB40EBF1C8442BC0011139D /* View+MASAdditions.m in Sources */,
				FDB40EB71C8442BC0011139D /* MASCompositeConstraint.m in Sources */,
				FDB40EBB1C8442BC0011139D /* MASViewAttribute.m in Sources */,
				FDB40EB91C8442BC0011139D /* MASConstraintMaker.m in Sources */,
				FDB40EBD1C8442BC0011139D /* NSArray+MASAdditions.m in Sources */,
				FDB40EC01C8442BC0011139D /* ViewController+MASAdditions.m in Sources */,
				FDB40EB81C8442BC0011139D /* MASConstraint.m in Sources */,
				FDB40EBA1C8442BC0011139D /* MASLayoutConstraint.m in Sources */,
				FD4B39D81C7EE7800001CB65 /* main.m in Sources */,
			);
			runOnlyForDeploymentPostprocessing = 0;
		};
		FD4B39E81C7EE7800001CB65 /* Sources */ = {
			isa = PBXSourcesBuildPhase;
			buildActionMask = 2147483647;
			files = (
				FD4B39F11C7EE7800001CB65 /* XXMessageTests.m in Sources */,
			);
			runOnlyForDeploymentPostprocessing = 0;
		};
		FD4B39F31C7EE7800001CB65 /* Sources */ = {
			isa = PBXSourcesBuildPhase;
			buildActionMask = 2147483647;
			files = (
				FD4B39FC1C7EE7800001CB65 /* XXMessageUITests.m in Sources */,
			);
			runOnlyForDeploymentPostprocessing = 0;
		};
/* End PBXSourcesBuildPhase section */

/* Begin PBXTargetDependency section */
		FD4B39EE1C7EE7800001CB65 /* PBXTargetDependency */ = {
			isa = PBXTargetDependency;
			target = FD4B39D21C7EE7800001CB65 /* XXMessage */;
			targetProxy = FD4B39ED1C7EE7800001CB65 /* PBXContainerItemProxy */;
		};
		FD4B39F91C7EE7800001CB65 /* PBXTargetDependency */ = {
			isa = PBXTargetDependency;
			target = FD4B39D21C7EE7800001CB65 /* XXMessage */;
			targetProxy = FD4B39F81C7EE7800001CB65 /* PBXContainerItemProxy */;
		};
/* End PBXTargetDependency section */

/* Begin PBXVariantGroup section */
		FD4B39DF1C7EE7800001CB65 /* Main.storyboard */ = {
			isa = PBXVariantGroup;
			children = (
				FD4B39E01C7EE7800001CB65 /* Base */,
			);
			name = Main.storyboard;
			sourceTree = "<group>";
		};
		FD4B39E41C7EE7800001CB65 /* LaunchScreen.storyboard */ = {
			isa = PBXVariantGroup;
			children = (
				FD4B39E51C7EE7800001CB65 /* Base */,
			);
			name = LaunchScreen.storyboard;
			sourceTree = "<group>";
		};
/* End PBXVariantGroup section */

/* Begin XCBuildConfiguration section */
		FD4B39FE1C7EE7800001CB65 /* Debug */ = {
			isa = XCBuildConfiguration;
			buildSettings = {
				ALWAYS_SEARCH_USER_PATHS = NO;
				CLANG_CXX_LANGUAGE_STANDARD = "gnu++0x";
				CLANG_CXX_LIBRARY = "libc++";
				CLANG_ENABLE_MODULES = YES;
				CLANG_ENABLE_OBJC_ARC = YES;
				CLANG_WARN_BOOL_CONVERSION = YES;
				CLANG_WARN_CONSTANT_CONVERSION = YES;
				CLANG_WARN_DIRECT_OBJC_ISA_USAGE = YES_ERROR;
				CLANG_WARN_EMPTY_BODY = YES;
				CLANG_WARN_ENUM_CONVERSION = YES;
				CLANG_WARN_INT_CONVERSION = YES;
				CLANG_WARN_OBJC_ROOT_CLASS = YES_ERROR;
				CLANG_WARN_UNREACHABLE_CODE = YES;
				CLANG_WARN__DUPLICATE_METHOD_MATCH = YES;
				"CODE_SIGN_IDENTITY[sdk=iphoneos*]" = "iPhone Developer";
				COPY_PHASE_STRIP = NO;
				DEBUG_INFORMATION_FORMAT = dwarf;
				ENABLE_STRICT_OBJC_MSGSEND = YES;
				ENABLE_TESTABILITY = YES;
				GCC_C_LANGUAGE_STANDARD = gnu99;
				GCC_DYNAMIC_NO_PIC = NO;
				GCC_NO_COMMON_BLOCKS = YES;
				GCC_OPTIMIZATION_LEVEL = 0;
				GCC_PREPROCESSOR_DEFINITIONS = (
					"DEBUG=1",
					"$(inherited)",
				);
				GCC_WARN_64_TO_32_BIT_CONVERSION = YES;
				GCC_WARN_ABOUT_RETURN_TYPE = YES_ERROR;
				GCC_WARN_UNDECLARED_SELECTOR = YES;
				GCC_WARN_UNINITIALIZED_AUTOS = YES_AGGRESSIVE;
				GCC_WARN_UNUSED_FUNCTION = YES;
				GCC_WARN_UNUSED_VARIABLE = YES;
				IPHONEOS_DEPLOYMENT_TARGET = 9.2;
				MTL_ENABLE_DEBUG_INFO = YES;
				ONLY_ACTIVE_ARCH = YES;
				SDKROOT = iphoneos;
			};
			name = Debug;
		};
		FD4B39FF1C7EE7800001CB65 /* Release */ = {
			isa = XCBuildConfiguration;
			buildSettings = {
				ALWAYS_SEARCH_USER_PATHS = NO;
				CLANG_CXX_LANGUAGE_STANDARD = "gnu++0x";
				CLANG_CXX_LIBRARY = "libc++";
				CLANG_ENABLE_MODULES = YES;
				CLANG_ENABLE_OBJC_ARC = YES;
				CLANG_WARN_BOOL_CONVERSION = YES;
				CLANG_WARN_CONSTANT_CONVERSION = YES;
				CLANG_WARN_DIRECT_OBJC_ISA_USAGE = YES_ERROR;
				CLANG_WARN_EMPTY_BODY = YES;
				CLANG_WARN_ENUM_CONVERSION = YES;
				CLANG_WARN_INT_CONVERSION = YES;
				CLANG_WARN_OBJC_ROOT_CLASS = YES_ERROR;
				CLANG_WARN_UNREACHABLE_CODE = YES;
				CLANG_WARN__DUPLICATE_METHOD_MATCH = YES;
				"CODE_SIGN_IDENTITY[sdk=iphoneos*]" = "iPhone Developer";
				COPY_PHASE_STRIP = NO;
				DEBUG_INFORMATION_FORMAT = "dwarf-with-dsym";
				ENABLE_NS_ASSERTIONS = NO;
				ENABLE_STRICT_OBJC_MSGSEND = YES;
				GCC_C_LANGUAGE_STANDARD = gnu99;
				GCC_NO_COMMON_BLOCKS = YES;
				GCC_WARN_64_TO_32_BIT_CONVERSION = YES;
				GCC_WARN_ABOUT_RETURN_TYPE = YES_ERROR;
				GCC_WARN_UNDECLARED_SELECTOR = YES;
				GCC_WARN_UNINITIALIZED_AUTOS = YES_AGGRESSIVE;
				GCC_WARN_UNUSED_FUNCTION = YES;
				GCC_WARN_UNUSED_VARIABLE = YES;
				IPHONEOS_DEPLOYMENT_TARGET = 9.2;
				MTL_ENABLE_DEBUG_INFO = NO;
				SDKROOT = iphoneos;
				VALIDATE_PRODUCT = YES;
			};
			name = Release;
		};
		FD4B3A011C7EE7800001CB65 /* Debug */ = {
			isa = XCBuildConfiguration;
			buildSettings = {
				ASSETCATALOG_COMPILER_APPICON_NAME = AppIcon;
				INFOPLIST_FILE = XXMessage/Info.plist;
				LD_RUNPATH_SEARCH_PATHS = "$(inherited) @executable_path/Frameworks";
				PRODUCT_BUNDLE_IDENTIFIER = com.Rdxer.XXMessage;
				PRODUCT_NAME = "$(TARGET_NAME)";
			};
			name = Debug;
		};
		FD4B3A021C7EE7800001CB65 /* Release */ = {
			isa = XCBuildConfiguration;
			buildSettings = {
				ASSETCATALOG_COMPILER_APPICON_NAME = AppIcon;
				INFOPLIST_FILE = XXMessage/Info.plist;
				LD_RUNPATH_SEARCH_PATHS = "$(inherited) @executable_path/Frameworks";
				PRODUCT_BUNDLE_IDENTIFIER = com.Rdxer.XXMessage;
				PRODUCT_NAME = "$(TARGET_NAME)";
			};
			name = Release;
		};
		FD4B3A041C7EE7800001CB65 /* Debug */ = {
			isa = XCBuildConfiguration;
			buildSettings = {
				BUNDLE_LOADER = "$(TEST_HOST)";
				INFOPLIST_FILE = XXMessageTests/Info.plist;
				LD_RUNPATH_SEARCH_PATHS = "$(inherited) @executable_path/Frameworks @loader_path/Frameworks";
				PRODUCT_BUNDLE_IDENTIFIER = com.Rdxer.XXMessageTests;
				PRODUCT_NAME = "$(TARGET_NAME)";
				TEST_HOST = "$(BUILT_PRODUCTS_DIR)/XXMessage.app/XXMessage";
			};
			name = Debug;
		};
		FD4B3A051C7EE7800001CB65 /* Release */ = {
			isa = XCBuildConfiguration;
			buildSettings = {
				BUNDLE_LOADER = "$(TEST_HOST)";
				INFOPLIST_FILE = XXMessageTests/Info.plist;
				LD_RUNPATH_SEARCH_PATHS = "$(inherited) @executable_path/Frameworks @loader_path/Frameworks";
				PRODUCT_BUNDLE_IDENTIFIER = com.Rdxer.XXMessageTests;
				PRODUCT_NAME = "$(TARGET_NAME)";
				TEST_HOST = "$(BUILT_PRODUCTS_DIR)/XXMessage.app/XXMessage";
			};
			name = Release;
		};
		FD4B3A071C7EE7800001CB65 /* Debug */ = {
			isa = XCBuildConfiguration;
			buildSettings = {
				INFOPLIST_FILE = XXMessageUITests/Info.plist;
				LD_RUNPATH_SEARCH_PATHS = "$(inherited) @executable_path/Frameworks @loader_path/Frameworks";
				PRODUCT_BUNDLE_IDENTIFIER = com.Rdxer.XXMessageUITests;
				PRODUCT_NAME = "$(TARGET_NAME)";
				TEST_TARGET_NAME = XXMessage;
				USES_XCTRUNNER = YES;
			};
			name = Debug;
		};
		FD4B3A081C7EE7800001CB65 /* Release */ = {
			isa = XCBuildConfiguration;
			buildSettings = {
				INFOPLIST_FILE = XXMessageUITests/Info.plist;
				LD_RUNPATH_SEARCH_PATHS = "$(inherited) @executable_path/Frameworks @loader_path/Frameworks";
				PRODUCT_BUNDLE_IDENTIFIER = com.Rdxer.XXMessageUITests;
				PRODUCT_NAME = "$(TARGET_NAME)";
				TEST_TARGET_NAME = XXMessage;
				USES_XCTRUNNER = YES;
			};
			name = Release;
		};
/* End XCBuildConfiguration section */

/* Begin XCConfigurationList section */
		FD4B39CE1C7EE7800001CB65 /* Build configuration list for PBXProject "XXMessage" */ = {
			isa = XCConfigurationList;
			buildConfigurations = (
				FD4B39FE1C7EE7800001CB65 /* Debug */,
				FD4B39FF1C7EE7800001CB65 /* Release */,
			);
			defaultConfigurationIsVisible = 0;
			defaultConfigurationName = Release;
		};
		FD4B3A001C7EE7800001CB65 /* Build configuration list for PBXNativeTarget "XXMessage" */ = {
			isa = XCConfigurationList;
			buildConfigurations = (
				FD4B3A011C7EE7800001CB65 /* Debug */,
				FD4B3A021C7EE7800001CB65 /* Release */,
			);
			defaultConfigurationIsVisible = 0;
			defaultConfigurationName = Release;
		};
		FD4B3A031C7EE7800001CB65 /* Build configuration list for PBXNativeTarget "XXMessageTests" */ = {
			isa = XCConfigurationList;
			buildConfigurations = (
				FD4B3A041C7EE7800001CB65 /* Debug */,
				FD4B3A051C7EE7800001CB65 /* Release */,
			);
			defaultConfigurationIsVisible = 0;
			defaultConfigurationName = Release;
		};
		FD4B3A061C7EE7800001CB65 /* Build configuration list for PBXNativeTarget "XXMessageUITests" */ = {
			isa = XCConfigurationList;
			buildConfigurations = (
				FD4B3A071C7EE7800001CB65 /* Debug */,
				FD4B3A081C7EE7800001CB65 /* Release */,
			);
			defaultConfigurationIsVisible = 0;
			defaultConfigurationName = Release;
		};
/* End XCConfigurationList section */
	};
	rootObject = FD4B39CB1C7EE7800001CB65 /* Project object */;
}
